
Microsoft Visual Studio Solution File, Format Version 12.00
# Visual Studio Version 16
VisualStudioVersion = 16.0.30517.126
MinimumVisualStudioVersion = 10.0.40219.1
Project("{FAE04EC0-301F-11D3-BF4B-00C04F79EFBC}") = "TranslateViaWeb", "TranslateViaWeb.csproj", "{E29CE195-B20C-4335-89F0-CC1CF27DF44A}"
EndProject
Project("{FAE04EC0-301F-11D3-BF4B-00C04F79EFBC}") = "TranslateViaWeb.Tests", "..\tests\TranslateViaWeb.Tests\TranslateViaWeb.Tests.csproj", "{2DC5EF9D-838E-4137-9EF4-39BAB8C1A4C9}"
EndProject
Global
	GlobalSection(SolutionConfigurationPlatforms) = preSolution
		Debug|Any CPU = Debug|Any CPU
		Release|Any CPU = Release|Any CPU
	EndGlobalSection
	GlobalSection(ProjectConfigurationPlatforms) = postSolution
		{E29CE195-B20C-4335-89F0-CC1CF27DF44A}.Debug|Any CPU.ActiveCfg = Debug|Any CPU
		{E29CE195-B20C-4335-89F0-CC1CF27DF44A}.Debug|Any CPU.Build.0 = Debug|Any CPU
		{E29CE195-B20C-4335-89F0-CC1CF27DF44A}.Release|Any CPU.ActiveCfg = Release|Any CPU
		{E29CE195-B20C-4335-89F0-CC1CF27DF44A}.Release|Any CPU.Build.0 = Release|Any CPU
		{2DC5EF9D-838E-4137-9EF4-39BAB8C1A4C9}.Debug|Any CPU.ActiveCfg = Debug|Any CPU
		{2DC5EF9D-838E-4137-9EF4-39BAB8C1A4C9}.Debug|Any CPU.Build.0 = Debug|Any CPU
		{2DC5EF9D-838E-4137-9EF4-39BAB8C1A4C9}.Release|Any CPU.ActiveCfg = Release|Any CPU
		{2DC5EF9D-838E-4137-9EF4-39BAB8C1A4C9}.Release|Any CPU.Build.0 = Release|Any CPU
	EndGlobalSection
	GlobalSection(SolutionProperties) = preSolution
		HideSolutionNode = FALSE
	EndGlobalSection
	GlobalSection(ExtensibilityGlobals) = postSolution
		SolutionGuid = {79EC4245-74AA-4A7D-85C5-9728BDDEF85E}
	EndGlobalSection
EndGlobal
